{
  "nodes": {
    "home-manager": {
      "inputs": {
        "nixpkgs": [
          "nixpkgs"
        ]
      },
      "locked": {
        "lastModified": 1695984718,
        "narHash": "sha256-LQwKgaaaFOkIcxarf0xQXeDJFwZ5BZWcgmPeo3xp2CM=",
        "owner": "nix-community",
        "repo": "home-manager",
        "rev": "4f02e35f9d150573e1a710afa338846c2f6d850c",
        "type": "github"
      },
      "original": {
        "owner": "nix-community",
        "ref": "master",
        "repo": "home-manager",
        "type": "github"
      }
    },
    "nixpkgs": {
      "locked": {
        "lastModified": 1695830400,
        "narHash": "sha256-gToZXQVr0G/1WriO83olnqrLSHF2Jb8BPcmCt497ro0=",
        "owner": "nixos",
        "repo": "nixpkgs",
        "rev": "8a86b98f0ba1c405358f1b71ff8b5e1d317f5db2",
        "type": "github"
      },
      "original": {
        "owner": "nixos",
        "ref": "nixos-unstable",
        "repo": "nixpkgs",
        "type": "github"
      }
    },
    "nur": {
      "locked": {
        "lastModified": 1695988627,
        "narHash": "sha256-2okyXjZ1LjHJgX4wJXcH34dxFAieZ7hNNkBXmoRH1Mw=",
        "owner": "nix-community",
        "repo": "NUR",
        "rev": "b286ae7094de09e613dab025dbc48e27af03ed5a",
        "type": "github"
      },
      "original": {
        "owner": "nix-community",
        "repo": "NUR",
        "type": "github"
      }
    },
    "romc": {
      "inputs": {
        "nixpkgs": [
          "nixpkgs"
        ]
      },
      "locked": {
        "lastModified": 1687959333,
        "narHash": "sha256-NqM5vMtpznX/Ws4Ca7LDFKFSX6srFd82aaFIZXwssg4=",
        "owner": "nixos-rocm",
        "repo": "nixos-rocm",
        "rev": "242305cac651e136928ddae922a4edec723ddf59",
        "type": "github"
      },
      "original": {
        "owner": "nixos-rocm",
        "repo": "nixos-rocm",
        "type": "github"
      }
    },
    "root": {
      "inputs": {
        "home-manager": "home-manager",
        "nixpkgs": "nixpkgs",
        "nur": "nur",
        "romc": "romc"
      }
    }
  },
  "root": "root",
  "version": 7
}
